
Microsoft Visual Studio Solution File, Format Version 12.00
# Visual Studio 2013
VisualStudioVersion = 12.0.21005.1
MinimumVisualStudioVersion = 10.0.40219.1
Project("{FAE04EC0-301F-11D3-BF4B-00C04F79EFBC}") = "ActiveMQNetProcucer", "ActiveMQNetProcucer\ActiveMQNetProcucer.csproj", "{16C5B0FF-47D6-4217-BAC7-94B37B3455B0}"
EndProject
Project("{FAE04EC0-301F-11D3-BF4B-00C04F79EFBC}") = "ActiveMQNetCustomer", "ActiveMQNetCustomer\ActiveMQNetCustomer.csproj", "{5DDFA229-627F-4DFD-86B3-250F7C40A714}"
EndProject
Global
	GlobalSection(SolutionConfigurationPlatforms) = preSolution
		Debug|Any CPU = Debug|Any CPU
		Release|Any CPU = Release|Any CPU
	EndGlobalSection
	GlobalSection(ProjectConfigurationPlatforms) = postSolution
		{16C5B0FF-47D6-4217-BAC7-94B37B3455B0}.Debug|Any CPU.ActiveCfg = Debug|Any CPU
		{16C5B0FF-47D6-4217-BAC7-94B37B3455B0}.Debug|Any CPU.Build.0 = Debug|Any CPU
		{16C5B0FF-47D6-4217-BAC7-94B37B3455B0}.Release|Any CPU.ActiveCfg = Release|Any CPU
		{16C5B0FF-47D6-4217-BAC7-94B37B3455B0}.Release|Any CPU.Build.0 = Release|Any CPU
		{5DDFA229-627F-4DFD-86B3-250F7C40A714}.Debug|Any CPU.ActiveCfg = Debug|Any CPU
		{5DDFA229-627F-4DFD-86B3-250F7C40A714}.Debug|Any CPU.Build.0 = Debug|Any CPU
		{5DDFA229-627F-4DFD-86B3-250F7C40A714}.Release|Any CPU.ActiveCfg = Release|Any CPU
		{5DDFA229-627F-4DFD-86B3-250F7C40A714}.Release|Any CPU.Build.0 = Release|Any CPU
	EndGlobalSection
	GlobalSection(SolutionProperties) = preSolution
		HideSolutionNode = FALSE
	EndGlobalSection
EndGlobal
